{
  "name": "devflow",
  "lockfileVersion": 3,
  "requires": true,
  "packages": {
    "": {
      "dependencies": {
        "cc-sessions": "^0.2.7"
      }
    },
    "node_modules/cc-sessions": {
      "version": "0.2.7",
      "resolved": "https://registry.npmjs.org/cc-sessions/-/cc-sessions-0.2.7.tgz",
      "integrity": "sha512-kwlpTXwtxdIG6vujOLqgFU/S/dlKst2AExfmgBgSw0B7VEdioW2h1rUgrFUQvktZYWBhxqwr0SvFazG7z32pRg==",
      "license": "MIT",
      "os": [
        "darwin",
        "linux",
        "win32"
      ],
      "bin": {
        "cc-sessions": "install.js",
        "cc-sessions-install": "install.js"
      },
      "engines": {
        "node": ">=14.0.0"
      }
    }
  }
}
